<?xml version="1.0" encoding="utf-8"?>
<Project ToolsVersion="4.0" xmlns="http://schemas.microsoft.com/developer/msbuild/2003">
  <ItemGroup>
    <Filter Include="Source Files">
      <UniqueIdentifier>{4FC737F1-C7A5-4376-A066-2A32D752A2FF}</UniqueIdentifier>
      <Extensions>cpp;c;cc;cxx;def;odl;idl;hpj;bat;asm;asmx</Extensions>
    </Filter>
    <Filter Include="Header Files">
      <UniqueIdentifier>{93995380-89BD-4b04-88EB-625FBE52EBFB}</UniqueIdentifier>
      <Extensions>h;hh;hpp;hxx;hm;inl;inc;ipp;xsd</Extensions>
    </Filter>
    <Filter Include="Resource Files">
      <UniqueIdentifier>{67DA6AB6-F800-4c08-8B7A-83BB121AAD01}</UniqueIdentifier>
      <Extensions>rc;ico;cur;bmp;dlg;rc2;rct;bin;rgs;gif;jpg;jpeg;jpe;resx;tiff;tif;png;wav;mfcribbon-ms</Extensions>
    </Filter>
    <Filter Include="Configuration">
      <UniqueIdentifier>{668534f5-9c4e-4b1c-8884-a79bf57c4432}</UniqueIdentifier>
      <Extensions>cfg</Extensions>
    </Filter>
    <Filter Include="Header Files\GUI">
      <UniqueIdentifier>{7ffd3ab5-afe2-430b-baf7-a304dfff16ae}</UniqueIdentifier>
    </Filter>
    <Filter Include="Source Files\GUI">
      <UniqueIdentifier>{0f73f70d-9ac9-4661-a515-3f311d93a40d}</UniqueIdentifier>
      <Extensions>
      </Extensions>
    </Filter>
    <Filter Include="Header Files\utilities">
      <UniqueIdentifier>{bcc71546-7ac4-4e4b-9fc4-8258e6a7dfa7}</UniqueIdentifier>
    </Filter>
    <Filter Include="Header Files\cameras">
      <UniqueIdentifier>{566792ff-3da0-4d4a-a11c-3689aff22206}</UniqueIdentifier>
    </Filter>
    <Filter Include="Header Files\pressure_sensors">
      <UniqueIdentifier>{26a12b52-e263-4172-afaf-6ef5e1f1ebe7}</UniqueIdentifier>
    </Filter>
    <Filter Include="Source Files\utilities">
      <UniqueIdentifier>{2dadcdcf-af40-444b-8940-b5d2beb62752}</UniqueIdentifier>
    </Filter>
    <Filter Include="Source Files\cameras">
      <UniqueIdentifier>{8f859597-5400-434d-a6fa-b08949481f8d}</UniqueIdentifier>
    </Filter>
    <Filter Include="Source Files\pressure_sensors">
      <UniqueIdentifier>{85f47759-9711-49c1-9b3a-a3967f83415f}</UniqueIdentifier>
    </Filter>
  </ItemGroup>
  <ItemGroup>
    <ClInclude Include="stdafx.h">
      <Filter>Header Files</Filter>
    </ClInclude>
    <ClInclude Include="targetver.h">
      <Filter>Header Files</Filter>
    </ClInclude>
    <ClInclude Include="Resource.h">
      <Filter>Header Files</Filter>
    </ClInclude>
    <ClInclude Include="ProtocolAppDlg.h">
      <Filter>Header Files\GUI</Filter>
    </ClInclude>
    <ClInclude Include="ProtocolApp.h">
      <Filter>Header Files\GUI</Filter>
    </ClInclude>
    <ClInclude Include="Protocol\Protocol.h">
      <Filter>Header Files</Filter>
    </ClInclude>
    <ClInclude Include="Protocol\ProtocolParameters.h">
      <Filter>Header Files</Filter>
    </ClInclude>
    <ClInclude Include="Protocol\NIUsb6001card.h">
      <Filter>Header Files</Filter>
    </ClInclude>
    <ClInclude Include="Protocol\CStaticColor.h">
      <Filter>Header Files\GUI</Filter>
    </ClInclude>
    <ClInclude Include="utilities\Sounds.h">
      <Filter>Header Files\utilities</Filter>
    </ClInclude>
    <ClInclude Include="utilities\Times.h">
      <Filter>Header Files\utilities</Filter>
    </ClInclude>
    <ClInclude Include="cameras\CameraClient.h">
      <Filter>Header Files\cameras</Filter>
    </ClInclude>
    <ClInclude Include="cameras\cameras_messages.grpc.pb.h">
      <Filter>Header Files\cameras</Filter>
    </ClInclude>
    <ClInclude Include="cameras\cameras_messages.pb.h">
      <Filter>Header Files\cameras</Filter>
    </ClInclude>
    <ClInclude Include="pressure_sensors\tekscan_server.grpc.pb.h">
      <Filter>Header Files\pressure_sensors</Filter>
    </ClInclude>
    <ClInclude Include="pressure_sensors\tekscan_server.pb.h">
      <Filter>Header Files\pressure_sensors</Filter>
    </ClInclude>
    <ClInclude Include="pressure_sensors\TouchSensorClient.h">
      <Filter>Header Files\pressure_sensors</Filter>
    </ClInclude>
    <ClInclude Include="utilities\Logger.h">
      <Filter>Header Files\utilities</Filter>
    </ClInclude>
    <ClInclude Include="utilities\Folders.h">
      <Filter>Header Files\utilities</Filter>
    </ClInclude>
    <ClInclude Include="teknicMotors\TeknicMotorApi.h">
      <Filter>Header Files</Filter>
    </ClInclude>
    <ClInclude Include="utilities\CEditableListBox.h">
      <Filter>Header Files\utilities</Filter>
    </ClInclude>
    <ClInclude Include="utilities\CEditHelper.h">
      <Filter>Header Files\utilities</Filter>
    </ClInclude>
    <ClInclude Include="utilities\Convertor.h">
      <Filter>Header Files\utilities</Filter>
    </ClInclude>
    <ClInclude Include="utilities\CsvParser.h">
      <Filter>Header Files\utilities</Filter>
    </ClInclude>
  </ItemGroup>
  <ItemGroup>
    <ClCompile Include="stdafx.cpp">
      <Filter>Source Files</Filter>
    </ClCompile>
    <ClCompile Include="ProtocolApp.cpp">
      <Filter>Source Files\GUI</Filter>
    </ClCompile>
    <ClCompile Include="ProtocolAppDlg.cpp">
      <Filter>Source Files\GUI</Filter>
    </ClCompile>
    <ClCompile Include="Protocol\src\Protocol.cpp">
      <Filter>Source Files</Filter>
    </ClCompile>
    <ClCompile Include="Protocol\src\ProtocolParameters.cpp">
      <Filter>Source Files</Filter>
    </ClCompile>
    <ClCompile Include="Protocol\src\NIUsb6001card.cpp">
      <Filter>Source Files</Filter>
    </ClCompile>
    <ClCompile Include="Protocol\src\CStaticColor.cpp">
      <Filter>Source Files\GUI</Filter>
    </ClCompile>
    <ClCompile Include="utilities\Sounds.cpp">
      <Filter>Source Files\utilities</Filter>
    </ClCompile>
    <ClCompile Include="utilities\Times.cpp">
      <Filter>Source Files\utilities</Filter>
    </ClCompile>
    <ClCompile Include="utilities\Logger.cpp">
      <Filter>Source Files\utilities</Filter>
    </ClCompile>
    <ClCompile Include="cameras\CameraClient.cpp">
      <Filter>Source Files\cameras</Filter>
    </ClCompile>
    <ClCompile Include="cameras\cameras_messages.grpc.pb.cc">
      <Filter>Source Files\cameras</Filter>
    </ClCompile>
    <ClCompile Include="cameras\cameras_messages.pb.cc">
      <Filter>Source Files\cameras</Filter>
    </ClCompile>
    <ClCompile Include="pressure_sensors\tekscan_server.grpc.pb.cc">
      <Filter>Source Files\pressure_sensors</Filter>
    </ClCompile>
    <ClCompile Include="pressure_sensors\tekscan_server.pb.cc">
      <Filter>Source Files\pressure_sensors</Filter>
    </ClCompile>
    <ClCompile Include="pressure_sensors\TouchSensorClient.cpp">
      <Filter>Source Files\pressure_sensors</Filter>
    </ClCompile>
    <ClCompile Include="utilities\Folders.cpp">
      <Filter>Source Files\utilities</Filter>
    </ClCompile>
    <ClCompile Include="teknicMotors\TeknicMotorApi.cpp">
      <Filter>Source Files</Filter>
    </ClCompile>
    <ClCompile Include="utilities\CEditableListBox.cpp">
      <Filter>Source Files\utilities</Filter>
    </ClCompile>
    <ClCompile Include="utilities\CEditHelper.cpp">
      <Filter>Source Files\utilities</Filter>
    </ClCompile>
    <ClCompile Include="utilities\Convertor.cpp">
      <Filter>Source Files\utilities</Filter>
    </ClCompile>
    <ClCompile Include="utilities\CsvParser.cpp">
      <Filter>Source Files\utilities</Filter>
    </ClCompile>
  </ItemGroup>
  <ItemGroup>
    <ResourceCompile Include="ProtocolApp.rc">
      <Filter>Resource Files</Filter>
    </ResourceCompile>
  </ItemGroup>
  <ItemGroup>
    <None Include="res\ProtocolApp.rc2">
      <Filter>Resource Files</Filter>
    </None>
    <None Include="configuration\config.ini">
      <Filter>Configuration</Filter>
    </None>
  </ItemGroup>
  <ItemGroup>
    <Image Include="res\ProtocolApp.ico">
      <Filter>Resource Files</Filter>
    </Image>
  </ItemGroup>
</Project>